
Microsoft Visual Studio Solution File, Format Version 12.00
# Visual Studio Version 16
VisualStudioVersion = 16.0.31911.196
MinimumVisualStudioVersion = 10.0.40219.1
Project("{2150E333-8FDC-42A3-9474-1A3956D46DE8}") = "ShopManagement", "ShopManagement", "{14B157B8-F81C-4A1A-BE3F-C5C73FE1D8AC}"
EndProject
Project("{2150E333-8FDC-42A3-9474-1A3956D46DE8}") = "SM.Domain", "SM.Domain", "{7DCD2EF6-D3CB-4DE6-B6CD-66B029E95C9B}"
EndProject
Project("{9A19103F-16F7-4668-BE54-9A1E7A4F7556}") = "ShopManagement.Domain", "ShopManagement.Domain\ShopManagement.Domain.csproj", "{EC885F06-7B65-4496-8FDA-3AA1A3685956}"
EndProject
Project("{9A19103F-16F7-4668-BE54-9A1E7A4F7556}") = "0_Framework", "0_Framework\0_Framework.csproj", "{2C5E90DF-3616-4F7E-94C5-B8940ED5D9E3}"
EndProject
Project("{2150E333-8FDC-42A3-9474-1A3956D46DE8}") = "SM.Application", "SM.Application", "{59C021FF-CE70-418A-8782-2525C9300021}"
EndProject
Project("{9A19103F-16F7-4668-BE54-9A1E7A4F7556}") = "ShopManagement.Application.Contracts", "ShopManagement.Application.Contracts\ShopManagement.Application.Contracts.csproj", "{02585CFF-C1B3-4845-A539-28862F9853F9}"
EndProject
Project("{9A19103F-16F7-4668-BE54-9A1E7A4F7556}") = "ShopManagement.Application", "ShopManagement.Application\ShopManagement.Application.csproj", "{E15C1CE1-9392-4541-8979-04D049BD7B42}"
EndProject
Project("{2150E333-8FDC-42A3-9474-1A3956D46DE8}") = "SM.Infrastructure", "SM.Infrastructure", "{66B90D43-BD83-4C82-8D0B-770307BF0E3E}"
EndProject
Project("{9A19103F-16F7-4668-BE54-9A1E7A4F7556}") = "ShopManagement.Infrastructure.EFCore", "ShopManagement.Infrastructure.EFCore\ShopManagement.Infrastructure.EFCore.csproj", "{C6160F6F-010B-403F-AC2A-56BB61BA0F48}"
EndProject
Project("{9A19103F-16F7-4668-BE54-9A1E7A4F7556}") = "ShopManagement.Configuration", "ShopManagement.Configuration\ShopManagement.Configuration.csproj", "{E1C60C1C-A5AD-4E87-923A-E277925CB021}"
EndProject
Project("{9A19103F-16F7-4668-BE54-9A1E7A4F7556}") = "ServiceHost", "ServiceHost\ServiceHost.csproj", "{C630E1FA-697D-48FA-9BE3-D37D55DF2725}"
EndProject
Project("{9A19103F-16F7-4668-BE54-9A1E7A4F7556}") = "01_LampshadeQuery", "01_LampshadeQuery\01_LampshadeQuery.csproj", "{B22942E0-9B3B-424F-AEDB-95E50AECA040}"
EndProject
Project("{2150E333-8FDC-42A3-9474-1A3956D46DE8}") = "DiscountManagement", "DiscountManagement", "{012D3267-BFF2-45C6-9670-A35794E327D5}"
EndProject
Project("{2150E333-8FDC-42A3-9474-1A3956D46DE8}") = "DM.Domain", "DM.Domain", "{D05EBB9A-F6A1-46EA-BD61-897151F1F398}"
EndProject
Project("{2150E333-8FDC-42A3-9474-1A3956D46DE8}") = "DM.Application", "DM.Application", "{5A9BA3AF-859E-4A16-9866-0189081CBCD1}"
EndProject
Project("{2150E333-8FDC-42A3-9474-1A3956D46DE8}") = "DM.Infrastructure", "DM.Infrastructure", "{E4388039-EC6E-4108-BB0F-6C97ABE3BB57}"
EndProject
Project("{9A19103F-16F7-4668-BE54-9A1E7A4F7556}") = "DiscountManagement.Domain", "DiscountManagement.Domain\DiscountManagement.Domain.csproj", "{AED3DAF5-0E49-4702-9306-38934E2B1FA5}"
EndProject
Project("{9A19103F-16F7-4668-BE54-9A1E7A4F7556}") = "DiscountManagement.Application.Contracts", "DiscountManagement.Application.Contracts\DiscountManagement.Application.Contracts.csproj", "{091E97E5-582D-42B2-B0B6-1E857D144842}"
EndProject
Project("{9A19103F-16F7-4668-BE54-9A1E7A4F7556}") = "DiscountManagement.Application", "DiscountManagement.Application\DiscountManagement.Application.csproj", "{0EC7E31B-6396-4947-879A-8062417BF093}"
EndProject
Project("{9A19103F-16F7-4668-BE54-9A1E7A4F7556}") = "DiscountManagement.Configuration", "DiscountManagement.Configuration\DiscountManagement.Configuration.csproj", "{C764729E-9CE1-41B0-8BE8-3AEA4B808A08}"
EndProject
Project("{9A19103F-16F7-4668-BE54-9A1E7A4F7556}") = "DiscountManagement.Infrastructure.EFCore", "DiscountManagement.Infrastructure.EFCore\DiscountManagement.Infrastructure.EFCore.csproj", "{B5536EAE-926F-4D0A-9F69-8B917486A2CA}"
EndProject
Project("{2150E333-8FDC-42A3-9474-1A3956D46DE8}") = "InventoryManagement", "InventoryManagement", "{DE55556F-C60E-4D83-99B6-318A8B4D3291}"
EndProject
Project("{2150E333-8FDC-42A3-9474-1A3956D46DE8}") = "IM.Domain", "IM.Domain", "{A7F4C7C4-7ABF-47C5-96B5-004152E8B50B}"
EndProject
Project("{9A19103F-16F7-4668-BE54-9A1E7A4F7556}") = "InventoryManagement.Domain", "InventoryManagement.Domain\InventoryManagement.Domain.csproj", "{E79C8638-6100-427C-A759-2B9C416E27D6}"
EndProject
Project("{2150E333-8FDC-42A3-9474-1A3956D46DE8}") = "IM.Application", "IM.Application", "{B7DA8F79-8926-42A2-8426-975EFE1BD6FB}"
EndProject
Project("{2150E333-8FDC-42A3-9474-1A3956D46DE8}") = "IM.Infrastructure", "IM.Infrastructure", "{6A204ED1-2F23-4DAE-B31A-804AA3536C28}"
EndProject
Project("{9A19103F-16F7-4668-BE54-9A1E7A4F7556}") = "InventoryManagement.Application.Contracts", "InventoryManagement.Application.Contracts\InventoryManagement.Application.Contracts.csproj", "{4F6DC659-5609-4DF6-B698-02B458610A3B}"
EndProject
Project("{9A19103F-16F7-4668-BE54-9A1E7A4F7556}") = "InventoryManagement.Application", "InventoryManagement.Application\InventoryManagement.Application.csproj", "{3629F7EF-9FE8-4BB5-B1F2-46CD3A075FBD}"
EndProject
Project("{9A19103F-16F7-4668-BE54-9A1E7A4F7556}") = "InventoryManagement.Infrastructure.EFCore", "InventoryManagement.Infrastructure.EFCore\InventoryManagement.Infrastructure.EFCore.csproj", "{943AEB42-A6B7-4A32-97C3-16005E7C9571}"
EndProject
Project("{9A19103F-16F7-4668-BE54-9A1E7A4F7556}") = "InventoryManagement.Infrastructure.Configuration", "InventoryManagement.Infrastructure.Configuration\InventoryManagement.Infrastructure.Configuration.csproj", "{EC05A144-BACE-432A-BD8F-DB687AF5A7B8}"
EndProject
Global
	GlobalSection(SolutionConfigurationPlatforms) = preSolution
		Debug|Any CPU = Debug|Any CPU
		Release|Any CPU = Release|Any CPU
	EndGlobalSection
	GlobalSection(ProjectConfigurationPlatforms) = postSolution
		{EC885F06-7B65-4496-8FDA-3AA1A3685956}.Debug|Any CPU.ActiveCfg = Debug|Any CPU
		{EC885F06-7B65-4496-8FDA-3AA1A3685956}.Debug|Any CPU.Build.0 = Debug|Any CPU
		{EC885F06-7B65-4496-8FDA-3AA1A3685956}.Release|Any CPU.ActiveCfg = Release|Any CPU
		{EC885F06-7B65-4496-8FDA-3AA1A3685956}.Release|Any CPU.Build.0 = Release|Any CPU
		{2C5E90DF-3616-4F7E-94C5-B8940ED5D9E3}.Debug|Any CPU.ActiveCfg = Debug|Any CPU
		{2C5E90DF-3616-4F7E-94C5-B8940ED5D9E3}.Debug|Any CPU.Build.0 = Debug|Any CPU
		{2C5E90DF-3616-4F7E-94C5-B8940ED5D9E3}.Release|Any CPU.ActiveCfg = Release|Any CPU
		{2C5E90DF-3616-4F7E-94C5-B8940ED5D9E3}.Release|Any CPU.Build.0 = Release|Any CPU
		{02585CFF-C1B3-4845-A539-28862F9853F9}.Debug|Any CPU.ActiveCfg = Debug|Any CPU
		{02585CFF-C1B3-4845-A539-28862F9853F9}.Debug|Any CPU.Build.0 = Debug|Any CPU
		{02585CFF-C1B3-4845-A539-28862F9853F9}.Release|Any CPU.ActiveCfg = Release|Any CPU
		{02585CFF-C1B3-4845-A539-28862F9853F9}.Release|Any CPU.Build.0 = Release|Any CPU
		{E15C1CE1-9392-4541-8979-04D049BD7B42}.Debug|Any CPU.ActiveCfg = Debug|Any CPU
		{E15C1CE1-9392-4541-8979-04D049BD7B42}.Debug|Any CPU.Build.0 = Debug|Any CPU
		{E15C1CE1-9392-4541-8979-04D049BD7B42}.Release|Any CPU.ActiveCfg = Release|Any CPU
		{E15C1CE1-9392-4541-8979-04D049BD7B42}.Release|Any CPU.Build.0 = Release|Any CPU
		{C6160F6F-010B-403F-AC2A-56BB61BA0F48}.Debug|Any CPU.ActiveCfg = Debug|Any CPU
		{C6160F6F-010B-403F-AC2A-56BB61BA0F48}.Debug|Any CPU.Build.0 = Debug|Any CPU
		{C6160F6F-010B-403F-AC2A-56BB61BA0F48}.Release|Any CPU.ActiveCfg = Release|Any CPU
		{C6160F6F-010B-403F-AC2A-56BB61BA0F48}.Release|Any CPU.Build.0 = Release|Any CPU
		{E1C60C1C-A5AD-4E87-923A-E277925CB021}.Debug|Any CPU.ActiveCfg = Debug|Any CPU
		{E1C60C1C-A5AD-4E87-923A-E277925CB021}.Debug|Any CPU.Build.0 = Debug|Any CPU
		{E1C60C1C-A5AD-4E87-923A-E277925CB021}.Release|Any CPU.ActiveCfg = Release|Any CPU
		{E1C60C1C-A5AD-4E87-923A-E277925CB021}.Release|Any CPU.Build.0 = Release|Any CPU
		{C630E1FA-697D-48FA-9BE3-D37D55DF2725}.Debug|Any CPU.ActiveCfg = Debug|Any CPU
		{C630E1FA-697D-48FA-9BE3-D37D55DF2725}.Debug|Any CPU.Build.0 = Debug|Any CPU
		{C630E1FA-697D-48FA-9BE3-D37D55DF2725}.Release|Any CPU.ActiveCfg = Release|Any CPU
		{C630E1FA-697D-48FA-9BE3-D37D55DF2725}.Release|Any CPU.Build.0 = Release|Any CPU
		{B22942E0-9B3B-424F-AEDB-95E50AECA040}.Debug|Any CPU.ActiveCfg = Debug|Any CPU
		{B22942E0-9B3B-424F-AEDB-95E50AECA040}.Debug|Any CPU.Build.0 = Debug|Any CPU
		{B22942E0-9B3B-424F-AEDB-95E50AECA040}.Release|Any CPU.ActiveCfg = Release|Any CPU
		{B22942E0-9B3B-424F-AEDB-95E50AECA040}.Release|Any CPU.Build.0 = Release|Any CPU
		{AED3DAF5-0E49-4702-9306-38934E2B1FA5}.Debug|Any CPU.ActiveCfg = Debug|Any CPU
		{AED3DAF5-0E49-4702-9306-38934E2B1FA5}.Debug|Any CPU.Build.0 = Debug|Any CPU
		{AED3DAF5-0E49-4702-9306-38934E2B1FA5}.Release|Any CPU.ActiveCfg = Release|Any CPU
		{AED3DAF5-0E49-4702-9306-38934E2B1FA5}.Release|Any CPU.Build.0 = Release|Any CPU
		{091E97E5-582D-42B2-B0B6-1E857D144842}.Debug|Any CPU.ActiveCfg = Debug|Any CPU
		{091E97E5-582D-42B2-B0B6-1E857D144842}.Debug|Any CPU.Build.0 = Debug|Any CPU
		{091E97E5-582D-42B2-B0B6-1E857D144842}.Release|Any CPU.ActiveCfg = Release|Any CPU
		{091E97E5-582D-42B2-B0B6-1E857D144842}.Release|Any CPU.Build.0 = Release|Any CPU
		{0EC7E31B-6396-4947-879A-8062417BF093}.Debug|Any CPU.ActiveCfg = Debug|Any CPU
		{0EC7E31B-6396-4947-879A-8062417BF093}.Debug|Any CPU.Build.0 = Debug|Any CPU
		{0EC7E31B-6396-4947-879A-8062417BF093}.Release|Any CPU.ActiveCfg = Release|Any CPU
		{0EC7E31B-6396-4947-879A-8062417BF093}.Release|Any CPU.Build.0 = Release|Any CPU
		{C764729E-9CE1-41B0-8BE8-3AEA4B808A08}.Debug|Any CPU.ActiveCfg = Debug|Any CPU
		{C764729E-9CE1-41B0-8BE8-3AEA4B808A08}.Debug|Any CPU.Build.0 = Debug|Any CPU
		{C764729E-9CE1-41B0-8BE8-3AEA4B808A08}.Release|Any CPU.ActiveCfg = Release|Any CPU
		{C764729E-9CE1-41B0-8BE8-3AEA4B808A08}.Release|Any CPU.Build.0 = Release|Any CPU
		{B5536EAE-926F-4D0A-9F69-8B917486A2CA}.Debug|Any CPU.ActiveCfg = Debug|Any CPU
		{B5536EAE-926F-4D0A-9F69-8B917486A2CA}.Debug|Any CPU.Build.0 = Debug|Any CPU
		{B5536EAE-926F-4D0A-9F69-8B917486A2CA}.Release|Any CPU.ActiveCfg = Release|Any CPU
		{B5536EAE-926F-4D0A-9F69-8B917486A2CA}.Release|Any CPU.Build.0 = Release|Any CPU
		{E79C8638-6100-427C-A759-2B9C416E27D6}.Debug|Any CPU.ActiveCfg = Debug|Any CPU
		{E79C8638-6100-427C-A759-2B9C416E27D6}.Debug|Any CPU.Build.0 = Debug|Any CPU
		{E79C8638-6100-427C-A759-2B9C416E27D6}.Release|Any CPU.ActiveCfg = Release|Any CPU
		{E79C8638-6100-427C-A759-2B9C416E27D6}.Release|Any CPU.Build.0 = Release|Any CPU
		{4F6DC659-5609-4DF6-B698-02B458610A3B}.Debug|Any CPU.ActiveCfg = Debug|Any CPU
		{4F6DC659-5609-4DF6-B698-02B458610A3B}.Debug|Any CPU.Build.0 = Debug|Any CPU
		{4F6DC659-5609-4DF6-B698-02B458610A3B}.Release|Any CPU.ActiveCfg = Release|Any CPU
		{4F6DC659-5609-4DF6-B698-02B458610A3B}.Release|Any CPU.Build.0 = Release|Any CPU
		{3629F7EF-9FE8-4BB5-B1F2-46CD3A075FBD}.Debug|Any CPU.ActiveCfg = Debug|Any CPU
		{3629F7EF-9FE8-4BB5-B1F2-46CD3A075FBD}.Debug|Any CPU.Build.0 = Debug|Any CPU
		{3629F7EF-9FE8-4BB5-B1F2-46CD3A075FBD}.Release|Any CPU.ActiveCfg = Release|Any CPU
		{3629F7EF-9FE8-4BB5-B1F2-46CD3A075FBD}.Release|Any CPU.Build.0 = Release|Any CPU
		{943AEB42-A6B7-4A32-97C3-16005E7C9571}.Debug|Any CPU.ActiveCfg = Debug|Any CPU
		{943AEB42-A6B7-4A32-97C3-16005E7C9571}.Debug|Any CPU.Build.0 = Debug|Any CPU
		{943AEB42-A6B7-4A32-97C3-16005E7C9571}.Release|Any CPU.ActiveCfg = Release|Any CPU
		{943AEB42-A6B7-4A32-97C3-16005E7C9571}.Release|Any CPU.Build.0 = Release|Any CPU
		{EC05A144-BACE-432A-BD8F-DB687AF5A7B8}.Debug|Any CPU.ActiveCfg = Debug|Any CPU
		{EC05A144-BACE-432A-BD8F-DB687AF5A7B8}.Debug|Any CPU.Build.0 = Debug|Any CPU
		{EC05A144-BACE-432A-BD8F-DB687AF5A7B8}.Release|Any CPU.ActiveCfg = Release|Any CPU
		{EC05A144-BACE-432A-BD8F-DB687AF5A7B8}.Release|Any CPU.Build.0 = Release|Any CPU
	EndGlobalSection
	GlobalSection(SolutionProperties) = preSolution
		HideSolutionNode = FALSE
	EndGlobalSection
	GlobalSection(NestedProjects) = preSolution
		{7DCD2EF6-D3CB-4DE6-B6CD-66B029E95C9B} = {14B157B8-F81C-4A1A-BE3F-C5C73FE1D8AC}
		{EC885F06-7B65-4496-8FDA-3AA1A3685956} = {7DCD2EF6-D3CB-4DE6-B6CD-66B029E95C9B}
		{59C021FF-CE70-418A-8782-2525C9300021} = {14B157B8-F81C-4A1A-BE3F-C5C73FE1D8AC}
		{02585CFF-C1B3-4845-A539-28862F9853F9} = {59C021FF-CE70-418A-8782-2525C9300021}
		{E15C1CE1-9392-4541-8979-04D049BD7B42} = {59C021FF-CE70-418A-8782-2525C9300021}
		{66B90D43-BD83-4C82-8D0B-770307BF0E3E} = {14B157B8-F81C-4A1A-BE3F-C5C73FE1D8AC}
		{C6160F6F-010B-403F-AC2A-56BB61BA0F48} = {66B90D43-BD83-4C82-8D0B-770307BF0E3E}
		{E1C60C1C-A5AD-4E87-923A-E277925CB021} = {66B90D43-BD83-4C82-8D0B-770307BF0E3E}
		{D05EBB9A-F6A1-46EA-BD61-897151F1F398} = {012D3267-BFF2-45C6-9670-A35794E327D5}
		{5A9BA3AF-859E-4A16-9866-0189081CBCD1} = {012D3267-BFF2-45C6-9670-A35794E327D5}
		{E4388039-EC6E-4108-BB0F-6C97ABE3BB57} = {012D3267-BFF2-45C6-9670-A35794E327D5}
		{AED3DAF5-0E49-4702-9306-38934E2B1FA5} = {D05EBB9A-F6A1-46EA-BD61-897151F1F398}
		{091E97E5-582D-42B2-B0B6-1E857D144842} = {5A9BA3AF-859E-4A16-9866-0189081CBCD1}
		{0EC7E31B-6396-4947-879A-8062417BF093} = {5A9BA3AF-859E-4A16-9866-0189081CBCD1}
		{C764729E-9CE1-41B0-8BE8-3AEA4B808A08} = {E4388039-EC6E-4108-BB0F-6C97ABE3BB57}
		{B5536EAE-926F-4D0A-9F69-8B917486A2CA} = {E4388039-EC6E-4108-BB0F-6C97ABE3BB57}
		{A7F4C7C4-7ABF-47C5-96B5-004152E8B50B} = {DE55556F-C60E-4D83-99B6-318A8B4D3291}
		{E79C8638-6100-427C-A759-2B9C416E27D6} = {A7F4C7C4-7ABF-47C5-96B5-004152E8B50B}
		{B7DA8F79-8926-42A2-8426-975EFE1BD6FB} = {DE55556F-C60E-4D83-99B6-318A8B4D3291}
		{6A204ED1-2F23-4DAE-B31A-804AA3536C28} = {DE55556F-C60E-4D83-99B6-318A8B4D3291}
		{4F6DC659-5609-4DF6-B698-02B458610A3B} = {B7DA8F79-8926-42A2-8426-975EFE1BD6FB}
		{3629F7EF-9FE8-4BB5-B1F2-46CD3A075FBD} = {B7DA8F79-8926-42A2-8426-975EFE1BD6FB}
		{943AEB42-A6B7-4A32-97C3-16005E7C9571} = {6A204ED1-2F23-4DAE-B31A-804AA3536C28}
		{EC05A144-BACE-432A-BD8F-DB687AF5A7B8} = {6A204ED1-2F23-4DAE-B31A-804AA3536C28}
	EndGlobalSection
	GlobalSection(ExtensibilityGlobals) = postSolution
		SolutionGuid = {E3DF31E1-BE60-46EC-912C-BF6CDE583F08}
	EndGlobalSection
EndGlobal
